<?xml version="1.0" encoding="utf-8"?>
<Project ToolsVersion="4.0" xmlns="http://schemas.microsoft.com/developer/msbuild/2003">
  <ItemGroup>
    <Filter Include="소스 파일">
      <UniqueIdentifier>{4FC737F1-C7A5-4376-A066-2A32D752A2FF}</UniqueIdentifier>
      <Extensions>cpp;c;cc;cxx;def;odl;idl;hpj;bat;asm;asmx</Extensions>
    </Filter>
    <Filter Include="헤더 파일">
      <UniqueIdentifier>{93995380-89BD-4b04-88EB-625FBE52EBFB}</UniqueIdentifier>
      <Extensions>h;hh;hpp;hxx;hm;inl;inc;xsd</Extensions>
    </Filter>
    <Filter Include="리소스 파일">
      <UniqueIdentifier>{67DA6AB6-F800-4c08-8B7A-83BB121AAD01}</UniqueIdentifier>
      <Extensions>rc;ico;cur;bmp;dlg;rc2;rct;bin;rgs;gif;jpg;jpeg;jpe;resx;tiff;tif;png;wav;mfcribbon-ms</Extensions>
    </Filter>
    <Filter Include="Device">
      <UniqueIdentifier>{97c3a52d-a4e1-4c80-be74-69592ce11757}</UniqueIdentifier>
    </Filter>
    <Filter Include="Global">
      <UniqueIdentifier>{173ea267-6d0f-48a0-8ea2-77c97953ace4}</UniqueIdentifier>
    </Filter>
    <Filter Include="Process">
      <UniqueIdentifier>{2b281a1a-2b3e-4cca-ada5-46176854e85e}</UniqueIdentifier>
    </Filter>
    <Filter Include="Dialog">
      <UniqueIdentifier>{2f4d015e-f0bf-4ca1-ae1f-3018a893a051}</UniqueIdentifier>
    </Filter>
  </ItemGroup>
  <ItemGroup>
    <Text Include="ReadMe.txt" />
  </ItemGroup>
  <ItemGroup>
    <ClInclude Include="GvisRTR_Punch.h">
      <Filter>헤더 파일</Filter>
    </ClInclude>
    <ClInclude Include="stdafx.h">
      <Filter>헤더 파일</Filter>
    </ClInclude>
    <ClInclude Include="targetver.h">
      <Filter>헤더 파일</Filter>
    </ClInclude>
    <ClInclude Include="MainFrm.h">
      <Filter>헤더 파일</Filter>
    </ClInclude>
    <ClInclude Include="GvisRTR_PunchDoc.h">
      <Filter>헤더 파일</Filter>
    </ClInclude>
    <ClInclude Include="GvisRTR_PunchView.h">
      <Filter>헤더 파일</Filter>
    </ClInclude>
    <ClInclude Include="Resource.h">
      <Filter>헤더 파일</Filter>
    </ClInclude>
    <ClInclude Include="SingleInstance.h">
      <Filter>헤더 파일</Filter>
    </ClInclude>
    <ClInclude Include="ManagerProcedure.h">
      <Filter>헤더 파일</Filter>
    </ClInclude>
    <ClInclude Include="ManagerPunch.h">
      <Filter>헤더 파일</Filter>
    </ClInclude>
    <ClInclude Include="ManagerReelmap.h">
      <Filter>헤더 파일</Filter>
    </ClInclude>
    <ClInclude Include="ManagerThread.h">
      <Filter>헤더 파일</Filter>
    </ClInclude>
    <ClInclude Include="Global\GlobalDefine.h">
      <Filter>Global</Filter>
    </ClInclude>
    <ClInclude Include="Dialog\DlgMsgBox.h">
      <Filter>Dialog</Filter>
    </ClInclude>
    <ClInclude Include="Dialog\DlgMyMsg.h">
      <Filter>Dialog</Filter>
    </ClInclude>
    <ClInclude Include="Dialog\Label.h">
      <Filter>Dialog</Filter>
    </ClInclude>
    <ClInclude Include="Dialog\DlgMyMsgSub00.h">
      <Filter>Dialog</Filter>
    </ClInclude>
    <ClInclude Include="Dialog\DlgMyMsgSub01.h">
      <Filter>Dialog</Filter>
    </ClInclude>
    <ClInclude Include="Dialog\DlgMyMsgSub02.h">
      <Filter>Dialog</Filter>
    </ClInclude>
    <ClInclude Include="Process\ThreadTask.h">
      <Filter>Process</Filter>
    </ClInclude>
    <ClInclude Include="Dialog\MyBtn.h">
      <Filter>Dialog</Filter>
    </ClInclude>
    <ClInclude Include="Dialog\MyEdit.h">
      <Filter>Dialog</Filter>
    </ClInclude>
    <ClInclude Include="Dialog\MyPic.h">
      <Filter>Dialog</Filter>
    </ClInclude>
    <ClInclude Include="Dialog\MyStatic.h">
      <Filter>Dialog</Filter>
    </ClInclude>
    <ClInclude Include="Dialog\MyLabel.h">
      <Filter>Dialog</Filter>
    </ClInclude>
    <ClInclude Include="ManagerFeeding.h">
      <Filter>헤더 파일</Filter>
    </ClInclude>
    <ClInclude Include="Dialog\DlgFrameHigh.h">
      <Filter>Dialog</Filter>
    </ClInclude>
    <ClInclude Include="Dialog\DlgInfo.h">
      <Filter>Dialog</Filter>
    </ClInclude>
    <ClInclude Include="Dialog\DlgMenu01.h">
      <Filter>Dialog</Filter>
    </ClInclude>
    <ClInclude Include="Dialog\DlgMenu02.h">
      <Filter>Dialog</Filter>
    </ClInclude>
    <ClInclude Include="Dialog\DlgMenu03.h">
      <Filter>Dialog</Filter>
    </ClInclude>
    <ClInclude Include="Dialog\DlgMenu04.h">
      <Filter>Dialog</Filter>
    </ClInclude>
    <ClInclude Include="Dialog\DlgMenu05.h">
      <Filter>Dialog</Filter>
    </ClInclude>
    <ClInclude Include="Dialog\DlgMenu06.h">
      <Filter>Dialog</Filter>
    </ClInclude>
    <ClInclude Include="Dialog\DlgMenu07.h">
      <Filter>Dialog</Filter>
    </ClInclude>
    <ClInclude Include="Dialog\DlgOption01.h">
      <Filter>Dialog</Filter>
    </ClInclude>
    <ClInclude Include="ManagerStatus.h">
      <Filter>헤더 파일</Filter>
    </ClInclude>
  </ItemGroup>
  <ItemGroup>
    <ClCompile Include="GvisRTR_Punch.cpp">
      <Filter>소스 파일</Filter>
    </ClCompile>
    <ClCompile Include="stdafx.cpp">
      <Filter>소스 파일</Filter>
    </ClCompile>
    <ClCompile Include="MainFrm.cpp">
      <Filter>소스 파일</Filter>
    </ClCompile>
    <ClCompile Include="GvisRTR_PunchDoc.cpp">
      <Filter>소스 파일</Filter>
    </ClCompile>
    <ClCompile Include="GvisRTR_PunchView.cpp">
      <Filter>소스 파일</Filter>
    </ClCompile>
    <ClCompile Include="SingleInstance.cpp">
      <Filter>소스 파일</Filter>
    </ClCompile>
    <ClCompile Include="ManagerProcedure.cpp">
      <Filter>소스 파일</Filter>
    </ClCompile>
    <ClCompile Include="ManagerPunch.cpp">
      <Filter>소스 파일</Filter>
    </ClCompile>
    <ClCompile Include="ManagerReelmap.cpp">
      <Filter>소스 파일</Filter>
    </ClCompile>
    <ClCompile Include="ManagerThread.cpp">
      <Filter>소스 파일</Filter>
    </ClCompile>
    <ClCompile Include="Dialog\DlgMsgBox.cpp">
      <Filter>Dialog</Filter>
    </ClCompile>
    <ClCompile Include="Dialog\DlgMyMsg.cpp">
      <Filter>Dialog</Filter>
    </ClCompile>
    <ClCompile Include="Dialog\Label.cpp">
      <Filter>Dialog</Filter>
    </ClCompile>
    <ClCompile Include="Dialog\DlgMyMsgSub00.cpp">
      <Filter>Dialog</Filter>
    </ClCompile>
    <ClCompile Include="Dialog\DlgMyMsgSub01.cpp">
      <Filter>Dialog</Filter>
    </ClCompile>
    <ClCompile Include="Dialog\DlgMyMsgSub02.cpp">
      <Filter>Dialog</Filter>
    </ClCompile>
    <ClCompile Include="Process\ThreadTask.cpp">
      <Filter>Process</Filter>
    </ClCompile>
    <ClCompile Include="Dialog\MyBtn.cpp">
      <Filter>Dialog</Filter>
    </ClCompile>
    <ClCompile Include="Dialog\MyEdit.cpp">
      <Filter>Dialog</Filter>
    </ClCompile>
    <ClCompile Include="Dialog\MyPic.cpp">
      <Filter>Dialog</Filter>
    </ClCompile>
    <ClCompile Include="Dialog\MyStatic.cpp">
      <Filter>Dialog</Filter>
    </ClCompile>
    <ClCompile Include="Dialog\MyLabel.cpp">
      <Filter>Dialog</Filter>
    </ClCompile>
    <ClCompile Include="ManagerFeeding.cpp">
      <Filter>소스 파일</Filter>
    </ClCompile>
    <ClCompile Include="Dialog\DlgFrameHigh.cpp">
      <Filter>Dialog</Filter>
    </ClCompile>
    <ClCompile Include="Dialog\DlgInfo.cpp">
      <Filter>Dialog</Filter>
    </ClCompile>
    <ClCompile Include="Dialog\DlgMenu01.cpp">
      <Filter>Dialog</Filter>
    </ClCompile>
    <ClCompile Include="Dialog\DlgMenu02.cpp">
      <Filter>Dialog</Filter>
    </ClCompile>
    <ClCompile Include="Dialog\DlgMenu03.cpp">
      <Filter>Dialog</Filter>
    </ClCompile>
    <ClCompile Include="Dialog\DlgMenu04.cpp">
      <Filter>Dialog</Filter>
    </ClCompile>
    <ClCompile Include="Dialog\DlgMenu05.cpp">
      <Filter>Dialog</Filter>
    </ClCompile>
    <ClCompile Include="Dialog\DlgMenu06.cpp">
      <Filter>Dialog</Filter>
    </ClCompile>
    <ClCompile Include="Dialog\DlgMenu07.cpp">
      <Filter>Dialog</Filter>
    </ClCompile>
    <ClCompile Include="Dialog\DlgOption01.cpp">
      <Filter>Dialog</Filter>
    </ClCompile>
    <ClCompile Include="ManagerStatus.cpp">
      <Filter>소스 파일</Filter>
    </ClCompile>
  </ItemGroup>
  <ItemGroup>
    <ResourceCompile Include="GvisRTR_Punch.rc">
      <Filter>리소스 파일</Filter>
    </ResourceCompile>
  </ItemGroup>
  <ItemGroup>
    <None Include="res\GvisRTR_Punch.rc2">
      <Filter>리소스 파일</Filter>
    </None>
  </ItemGroup>
  <ItemGroup>
    <Image Include="res\GvisRTR_PunchDoc.ico">
      <Filter>리소스 파일</Filter>
    </Image>
    <Image Include="res\GvisRTR_Punch.ico">
      <Filter>리소스 파일</Filter>
    </Image>
    <Image Include="res\GigaVis-1280.bmp">
      <Filter>리소스 파일</Filter>
    </Image>
  </ItemGroup>
</Project>